github.com/jmorganca/ollama v0.1.9 h1:szvGhJkid2+wqBsDe7AoOdpt5Nmm36cPgejzBWZy/rc=
github.com/jmorganca/ollama v0.1.9/go.mod h1:JKSFVMJFRLHnFh29KMJBVCczKBbEDlpsNwEvICekRmU=
go.teddydd.me/plundered v0.0.0-20230417200935-b555276b925e h1:KMEzpHgvCfwXiW1ZpwFNn1wNXf/fxP3tGW9+DDyEoio=
go.teddydd.me/plundered v0.0.0-20230417200935-b555276b925e/go.mod h1:CDWDin+n4d9NR7F7s47YqP0tqXHH/lCOFXQzoi8UDSI=
golang.org/x/crypto v0.14.0 h1:wBqGXzWJW6m1XrIKlAH0Hs1JJ7+9KBwnIO8v66Q9cHc=
golang.org/x/crypto v0.14.0/go.mod h1:MVFd36DqK4CsrnJYDkBA3VC4m2GkXAM0PvzMCn4JQf4=
golang.org/x/sys v0.13.0 h1:Af8nKPmuFypiUBjVoU9V20FiaFXOcuZI21p0ycVYYGE=
golang.org/x/sys v0.13.0/go.mod h1:oPkhp1MJrh7nUepCBck5+mAzfO9JrbApNNgaTdGDITg=
golang.org/x/term v0.13.0 h1:bb+I9cTfFazGW51MZqBVmZy7+JEJMouUHTUSKVQLBek=
golang.org/x/term v0.13.0/go.mod h1:LTmsnFJwVN6bCy1rVCoS+qHT1HhALEFxKncY3WNNh4U=
